
Microsoft Visual Studio Solution File, Format Version 12.00
# Visual Studio Version 17
VisualStudioVersion = 17.13.35818.85 d17.13
MinimumVisualStudioVersion = 10.0.40219.1
Project("{FAE04EC0-301F-11D3-BF4B-00C04F79EFBC}") = "LB1.2", "LB1.2.csproj", "{483A913E-52DD-4352-8DA6-4D614BAFF743}"
EndProject
Global
	GlobalSection(SolutionConfigurationPlatforms) = preSolution
		Debug|Any CPU = Debug|Any CPU
		Release|Any CPU = Release|Any CPU
	EndGlobalSection
	GlobalSection(ProjectConfigurationPlatforms) = postSolution
		{483A913E-52DD-4352-8DA6-4D614BAFF743}.Debug|Any CPU.ActiveCfg = Debug|Any CPU
		{483A913E-52DD-4352-8DA6-4D614BAFF743}.Debug|Any CPU.Build.0 = Debug|Any CPU
		{483A913E-52DD-4352-8DA6-4D614BAFF743}.Release|Any CPU.ActiveCfg = Release|Any CPU
		{483A913E-52DD-4352-8DA6-4D614BAFF743}.Release|Any CPU.Build.0 = Release|Any CPU
	EndGlobalSection
	GlobalSection(SolutionProperties) = preSolution
		HideSolutionNode = FALSE
	EndGlobalSection
	GlobalSection(ExtensibilityGlobals) = postSolution
		SolutionGuid = {151E3FA4-6456-481D-894D-4345EFE426C5}
	EndGlobalSection
EndGlobal
